
Microsoft Visual Studio Solution File, Format Version 11.00
# Visual Studio 2010
Project("{FAE04EC0-301F-11D3-BF4B-00C04F79EFBC}") = "Assembly-CSharp", "Assembly-CSharp.csproj", "{BD64E8E8-FA2B-09B6-5972-8D3FA7FAD718}"
EndProject
Global
	GlobalSection(SolutionConfigurationPlatforms) = preSolution
		Debug|Any CPU = Debug|Any CPU
		Release|Any CPU = Release|Any CPU
	EndGlobalSection
	GlobalSection(ProjectConfigurationPlatforms) = postSolution
		{BD64E8E8-FA2B-09B6-5972-8D3FA7FAD718}.Debug|Any CPU.ActiveCfg = Debug|Any CPU
		{BD64E8E8-FA2B-09B6-5972-8D3FA7FAD718}.Debug|Any CPU.Build.0 = Debug|Any CPU
		{BD64E8E8-FA2B-09B6-5972-8D3FA7FAD718}.Release|Any CPU.ActiveCfg = Release|Any CPU
		{BD64E8E8-FA2B-09B6-5972-8D3FA7FAD718}.Release|Any CPU.Build.0 = Release|Any CPU
	EndGlobalSection
	GlobalSection(SolutionProperties) = preSolution
		HideSolutionNode = FALSE
	EndGlobalSection
	GlobalSection(MonoDevelopProperties) = preSolution
		StartupItem = Assembly-CSharp.csproj
	EndGlobalSection
EndGlobal
